
Microsoft Visual Studio Solution File, Format Version 12.00
# Visual Studio Version 17
VisualStudioVersion = 17.7.34202.233
MinimumVisualStudioVersion = 10.0.40219.1
Project("{8BC9CEB8-8B4A-11D0-8D11-00A0C91BC942}") = "A More Complex Mathematical Expression", "A More Complex Mathematical Expression\A More Complex Mathematical Expression.vcxproj", "{07F0ED38-63B3-4A0D-9A9A-62DF83EB159C}"
EndProject
Global
	GlobalSection(SolutionConfigurationPlatforms) = preSolution
		Debug|x64 = Debug|x64
		Debug|x86 = Debug|x86
		Release|x64 = Release|x64
		Release|x86 = Release|x86
	EndGlobalSection
	GlobalSection(ProjectConfigurationPlatforms) = postSolution
		{07F0ED38-63B3-4A0D-9A9A-62DF83EB159C}.Debug|x64.ActiveCfg = Debug|x64
		{07F0ED38-63B3-4A0D-9A9A-62DF83EB159C}.Debug|x64.Build.0 = Debug|x64
		{07F0ED38-63B3-4A0D-9A9A-62DF83EB159C}.Debug|x86.ActiveCfg = Debug|Win32
		{07F0ED38-63B3-4A0D-9A9A-62DF83EB159C}.Debug|x86.Build.0 = Debug|Win32
		{07F0ED38-63B3-4A0D-9A9A-62DF83EB159C}.Release|x64.ActiveCfg = Release|x64
		{07F0ED38-63B3-4A0D-9A9A-62DF83EB159C}.Release|x64.Build.0 = Release|x64
		{07F0ED38-63B3-4A0D-9A9A-62DF83EB159C}.Release|x86.ActiveCfg = Release|Win32
		{07F0ED38-63B3-4A0D-9A9A-62DF83EB159C}.Release|x86.Build.0 = Release|Win32
	EndGlobalSection
	GlobalSection(SolutionProperties) = preSolution
		HideSolutionNode = FALSE
	EndGlobalSection
	GlobalSection(ExtensibilityGlobals) = postSolution
		SolutionGuid = {8783C1D5-A010-40B0-BB55-26ADBCE1D7AD}
	EndGlobalSection
EndGlobal
